{
  "name": "prettier.novaextension",
  "lockfileVersion": 3,
  "requires": true,
  "packages": {
    "": {
      "dependencies": {
        "@prettier/plugin-php": "^0.19.7",
        "prettier": "^2.8.7"
      }
    },
    "node_modules/@prettier/plugin-php": {
      "version": "0.19.7",
      "resolved": "https://registry.npmjs.org/@prettier/plugin-php/-/plugin-php-0.19.7.tgz",
      "integrity": "sha512-QOzBs05nwuR92uak7xBHf7RCZCFXml+6Sk3cjTp2ahQlilBtupqlNjitlTXsOfPIAYwlFgLP1oSfyapS6DN00w==",
      "dependencies": {
        "linguist-languages": "^7.21.0",
        "mem": "^8.0.0",
        "php-parser": "^3.1.5"
      },
      "peerDependencies": {
        "prettier": "^1.15.0 || ^2.0.0"
      }
    },
    "node_modules/linguist-languages": {
      "version": "7.21.0",
      "resolved": "https://registry.npmjs.org/linguist-languages/-/linguist-languages-7.21.0.tgz",
      "integrity": "sha512-KrWJJbFOvlDhjlt5OhUipVlXg+plUfRurICAyij1ZVxQcqPt/zeReb9KiUVdGUwwhS/2KS9h3TbyfYLA5MDlxQ=="
    },
    "node_modules/map-age-cleaner": {
      "version": "0.1.3",
      "resolved": "https://registry.npmjs.org/map-age-cleaner/-/map-age-cleaner-0.1.3.tgz",
      "integrity": "sha512-bJzx6nMoP6PDLPBFmg7+xRKeFZvFboMrGlxmNj9ClvX53KrmvM5bXFXEWjbz4cz1AFn+jWJ9z/DJSz7hrs0w3w==",
      "dependencies": {
        "p-defer": "^1.0.0"
      },
      "engines": {
        "node": ">=6"
      }
    },
    "node_modules/mem": {
      "version": "8.1.1",
      "resolved": "https://registry.npmjs.org/mem/-/mem-8.1.1.tgz",
      "integrity": "sha512-qFCFUDs7U3b8mBDPyz5EToEKoAkgCzqquIgi9nkkR9bixxOVOre+09lbuH7+9Kn2NFpm56M3GUWVbU2hQgdACA==",
      "dependencies": {
        "map-age-cleaner": "^0.1.3",
        "mimic-fn": "^3.1.0"
      },
      "engines": {
        "node": ">=10"
      },
      "funding": {
        "url": "https://github.com/sindresorhus/mem?sponsor=1"
      }
    },
    "node_modules/mimic-fn": {
      "version": "3.1.0",
      "resolved": "https://registry.npmjs.org/mimic-fn/-/mimic-fn-3.1.0.tgz",
      "integrity": "sha512-Ysbi9uYW9hFyfrThdDEQuykN4Ey6BuwPD2kpI5ES/nFTDn/98yxYNLZJcgUAKPT/mcrLLKaGzJR9YVxJrIdASQ==",
      "engines": {
        "node": ">=8"
      }
    },
    "node_modules/p-defer": {
      "version": "1.0.0",
      "resolved": "https://registry.npmjs.org/p-defer/-/p-defer-1.0.0.tgz",
      "integrity": "sha1-n26xgvbJqozXQwBKfU+WsZaw+ww=",
      "engines": {
        "node": ">=4"
      }
    },
    "node_modules/php-parser": {
      "version": "3.2.1",
      "resolved": "https://registry.npmjs.org/php-parser/-/php-parser-3.2.1.tgz",
      "integrity": "sha512-WT5AMqe39ZdqAxp9Yp7uR6e3clBWlT1dxHHs49GmnDx2d+975NEiLSVy2tRGLdSC9tgdQOLiN1Yz54g1d2cZDQ=="
    },
    "node_modules/prettier": {
      "version": "2.8.7",
      "resolved": "https://registry.npmjs.org/prettier/-/prettier-2.8.7.tgz",
      "integrity": "sha512-yPngTo3aXUUmyuTjeTUT75txrf+aMh9FiD7q9ZE/i6r0bPb22g4FsE6Y338PQX1bmfy08i9QQCB7/rcUAVntfw==",
      "bin": {
        "prettier": "bin-prettier.js"
      },
      "engines": {
        "node": ">=10.13.0"
      },
      "funding": {
        "url": "https://github.com/prettier/prettier?sponsor=1"
      }
    }
  }
}
