{
  "requires": true,
  "lockfileVersion": 1,
  "dependencies": {
    "@prettier/plugin-php": {
      "version": "0.16.2",
      "resolved": "https://registry.npmjs.org/@prettier/plugin-php/-/plugin-php-0.16.2.tgz",
      "integrity": "sha512-0pqK5hIDTSy07O55sJu86sxqfLHlzoDYn64GyNVhft9unc/7UCQui/s2gpTTwfTpU26YHUDEqL8CT8p5Rl3s6Q==",
      "requires": {
        "linguist-languages": "^7.5.1",
        "mem": "^8.0.0",
        "php-parser": "3.0.2"
      }
    },
    "linguist-languages": {
      "version": "7.14.0",
      "resolved": "https://registry.npmjs.org/linguist-languages/-/linguist-languages-7.14.0.tgz",
      "integrity": "sha512-VqnUYHOSqRqAGnIl+7SCnFxK+sX0x7LXe5qn0TG6t9SViofQgN7272PLCFZ/lgkT7tAO5CA/2pCsZGlGvGhfWA=="
    },
    "map-age-cleaner": {
      "version": "0.1.3",
      "resolved": "https://registry.npmjs.org/map-age-cleaner/-/map-age-cleaner-0.1.3.tgz",
      "integrity": "sha512-bJzx6nMoP6PDLPBFmg7+xRKeFZvFboMrGlxmNj9ClvX53KrmvM5bXFXEWjbz4cz1AFn+jWJ9z/DJSz7hrs0w3w==",
      "requires": {
        "p-defer": "^1.0.0"
      }
    },
    "mem": {
      "version": "8.1.1",
      "resolved": "https://registry.npmjs.org/mem/-/mem-8.1.1.tgz",
      "integrity": "sha512-qFCFUDs7U3b8mBDPyz5EToEKoAkgCzqquIgi9nkkR9bixxOVOre+09lbuH7+9Kn2NFpm56M3GUWVbU2hQgdACA==",
      "requires": {
        "map-age-cleaner": "^0.1.3",
        "mimic-fn": "^3.1.0"
      }
    },
    "mimic-fn": {
      "version": "3.1.0",
      "resolved": "https://registry.npmjs.org/mimic-fn/-/mimic-fn-3.1.0.tgz",
      "integrity": "sha512-Ysbi9uYW9hFyfrThdDEQuykN4Ey6BuwPD2kpI5ES/nFTDn/98yxYNLZJcgUAKPT/mcrLLKaGzJR9YVxJrIdASQ=="
    },
    "p-defer": {
      "version": "1.0.0",
      "resolved": "https://registry.npmjs.org/p-defer/-/p-defer-1.0.0.tgz",
      "integrity": "sha1-n26xgvbJqozXQwBKfU+WsZaw+ww="
    },
    "php-parser": {
      "version": "3.0.2",
      "resolved": "https://registry.npmjs.org/php-parser/-/php-parser-3.0.2.tgz",
      "integrity": "sha512-a7y1+odEGsceLDLpu7oNyspZ0pK8FMWJOoim4/yd82AtnEZNLdCLZ67arnOQZ9K0lHJiSp4/7lVUpGELVxE14w=="
    },
    "prettier": {
      "version": "2.3.0",
      "resolved": "https://registry.npmjs.org/prettier/-/prettier-2.3.0.tgz",
      "integrity": "sha512-kXtO4s0Lz/DW/IJ9QdWhAf7/NmPWQXkFr/r/WkR3vyI+0v8amTDxiaQSLzs8NBlytfLWX/7uQUMIW677yLKl4w=="
    }
  }
}
