{
  "requires": true,
  "lockfileVersion": 1,
  "dependencies": {
    "@prettier/plugin-php": {
      "version": "0.16.0",
      "resolved": "https://registry.npmjs.org/@prettier/plugin-php/-/plugin-php-0.16.0.tgz",
      "integrity": "sha512-HG/FamMUtq4/9hZmeuvwy0BWmOr4m9OWacvLSUmmgUrQd4+TRZW7Nqs2MAJkwSNiBIgAKTt2Vw9PK+33Gxxx8g==",
      "requires": {
        "linguist-languages": "^7.5.1",
        "mem": "^8.0.0",
        "php-parser": "3.0.2"
      }
    },
    "linguist-languages": {
      "version": "7.12.1",
      "resolved": "https://registry.npmjs.org/linguist-languages/-/linguist-languages-7.12.1.tgz",
      "integrity": "sha512-+2CmUIeNOvJ7MWn6MY5h7mpDcw62MjKjXKC1wH0zLYnDQnn/0/+j3LcWO0v4+M9Vh/yqbt0codmlA7Z82bDnLA=="
    },
    "map-age-cleaner": {
      "version": "0.1.3",
      "resolved": "https://registry.npmjs.org/map-age-cleaner/-/map-age-cleaner-0.1.3.tgz",
      "integrity": "sha512-bJzx6nMoP6PDLPBFmg7+xRKeFZvFboMrGlxmNj9ClvX53KrmvM5bXFXEWjbz4cz1AFn+jWJ9z/DJSz7hrs0w3w==",
      "requires": {
        "p-defer": "^1.0.0"
      }
    },
    "mem": {
      "version": "8.0.0",
      "resolved": "https://registry.npmjs.org/mem/-/mem-8.0.0.tgz",
      "integrity": "sha512-qrcJOe6uD+EW8Wrci1Vdiua/15Xw3n/QnaNXE7varnB6InxSk7nu3/i5jfy3S6kWxr8WYJ6R1o0afMUtvorTsA==",
      "requires": {
        "map-age-cleaner": "^0.1.3",
        "mimic-fn": "^3.1.0"
      }
    },
    "mimic-fn": {
      "version": "3.1.0",
      "resolved": "https://registry.npmjs.org/mimic-fn/-/mimic-fn-3.1.0.tgz",
      "integrity": "sha512-Ysbi9uYW9hFyfrThdDEQuykN4Ey6BuwPD2kpI5ES/nFTDn/98yxYNLZJcgUAKPT/mcrLLKaGzJR9YVxJrIdASQ=="
    },
    "p-defer": {
      "version": "1.0.0",
      "resolved": "https://registry.npmjs.org/p-defer/-/p-defer-1.0.0.tgz",
      "integrity": "sha1-n26xgvbJqozXQwBKfU+WsZaw+ww="
    },
    "php-parser": {
      "version": "3.0.2",
      "resolved": "https://registry.npmjs.org/php-parser/-/php-parser-3.0.2.tgz",
      "integrity": "sha512-a7y1+odEGsceLDLpu7oNyspZ0pK8FMWJOoim4/yd82AtnEZNLdCLZ67arnOQZ9K0lHJiSp4/7lVUpGELVxE14w=="
    },
    "prettier": {
      "version": "2.2.0",
      "resolved": "https://registry.npmjs.org/prettier/-/prettier-2.2.0.tgz",
      "integrity": "sha512-yYerpkvseM4iKD/BXLYUkQV5aKt4tQPqaGW6EsZjzyu0r7sVZZNPJW4Y8MyKmicp6t42XUPcBVA+H6sB3gqndw=="
    }
  }
}
